
Microsoft Visual Studio Solution File, Format Version 12.00
# Visual Studio Version 17
VisualStudioVersion = 17.4.33205.214
MinimumVisualStudioVersion = 10.0.40219.1
Project("{FAE04EC0-301F-11D3-BF4B-00C04F79EFBC}") = "ATMApp", "ATMApp\ATMApp.csproj", "{DAE7F276-4C13-4E56-82AB-8318CB1DB970}"
EndProject
Global
	GlobalSection(SolutionConfigurationPlatforms) = preSolution
		Debug|Any CPU = Debug|Any CPU
		Release|Any CPU = Release|Any CPU
	EndGlobalSection
	GlobalSection(ProjectConfigurationPlatforms) = postSolution
		{DAE7F276-4C13-4E56-82AB-8318CB1DB970}.Debug|Any CPU.ActiveCfg = Debug|Any CPU
		{DAE7F276-4C13-4E56-82AB-8318CB1DB970}.Debug|Any CPU.Build.0 = Debug|Any CPU
		{DAE7F276-4C13-4E56-82AB-8318CB1DB970}.Release|Any CPU.ActiveCfg = Release|Any CPU
		{DAE7F276-4C13-4E56-82AB-8318CB1DB970}.Release|Any CPU.Build.0 = Release|Any CPU
	EndGlobalSection
	GlobalSection(SolutionProperties) = preSolution
		HideSolutionNode = FALSE
	EndGlobalSection
	GlobalSection(ExtensibilityGlobals) = postSolution
		SolutionGuid = {FF577F63-04A5-43B0-A479-EDA66511CBDA}
	EndGlobalSection
EndGlobal
